
Microsoft Visual Studio Solution File, Format Version 12.00
# Visual Studio Version 17
VisualStudioVersion = 17.5.002.0
MinimumVisualStudioVersion = 10.0.40219.1
Project("{9A19103F-16F7-4668-BE54-9A1E7A4F7556}") = "SleighList", "SleighList.csproj", "{928314BB-1C23-44CA-BC74-8CF478DACF7A}"
EndProject
Project("{9A19103F-16F7-4668-BE54-9A1E7A4F7556}") = "SleighList (1)", "SleighList\SleighList.csproj", "{A53C802F-3C8C-4F96-B0D2-89A688364AEB}"
EndProject
Global
	GlobalSection(SolutionConfigurationPlatforms) = preSolution
		Debug|Any CPU = Debug|Any CPU
		Release|Any CPU = Release|Any CPU
	EndGlobalSection
	GlobalSection(ProjectConfigurationPlatforms) = postSolution
		{928314BB-1C23-44CA-BC74-8CF478DACF7A}.Debug|Any CPU.ActiveCfg = Debug|Any CPU
		{928314BB-1C23-44CA-BC74-8CF478DACF7A}.Debug|Any CPU.Build.0 = Debug|Any CPU
		{928314BB-1C23-44CA-BC74-8CF478DACF7A}.Release|Any CPU.ActiveCfg = Release|Any CPU
		{928314BB-1C23-44CA-BC74-8CF478DACF7A}.Release|Any CPU.Build.0 = Release|Any CPU
		{A53C802F-3C8C-4F96-B0D2-89A688364AEB}.Debug|Any CPU.ActiveCfg = Debug|Any CPU
		{A53C802F-3C8C-4F96-B0D2-89A688364AEB}.Debug|Any CPU.Build.0 = Debug|Any CPU
		{A53C802F-3C8C-4F96-B0D2-89A688364AEB}.Release|Any CPU.ActiveCfg = Release|Any CPU
		{A53C802F-3C8C-4F96-B0D2-89A688364AEB}.Release|Any CPU.Build.0 = Release|Any CPU
	EndGlobalSection
	GlobalSection(SolutionProperties) = preSolution
		HideSolutionNode = FALSE
	EndGlobalSection
	GlobalSection(ExtensibilityGlobals) = postSolution
		SolutionGuid = {901AB95B-393E-4FA0-8A69-E0B66818DE80}
	EndGlobalSection
EndGlobal
